// !$*UTF8*$!
{
	archiveVersion = 1;
	classes = {};
	objectVersion = 77;
	objects = {

/* Begin PBXBuildFile section */
		A10000000000000000000001 /* TheOneApp.swift in Sources */ = {isa = PBXBuildFile; fileRef = B10000000000000000000001 /* TheOneApp.swift */; };
		A10000000000000000000002 /* AppCore.swift in Sources */ = {isa = PBXBuildFile; fileRef = B10000000000000000000002 /* AppCore.swift */; };
		A10000000000000000000003 /* AuthenticationCoordinator.swift in Sources */ = {isa = PBXBuildFile; fileRef = B10000000000000000000003 /* AuthenticationCoordinator.swift */; };
		A10000000000000000000004 /* Brand.swift in Sources */ = {isa = PBXBuildFile; fileRef = B10000000000000000000004 /* Brand.swift */; };
		A10000000000000000000005 /* LoginView.swift in Sources */ = {isa = PBXBuildFile; fileRef = B10000000000000000000005 /* LoginView.swift */; };
		A10000000000000000000006 /* WorkspaceView.swift in Sources */ = {isa = PBXBuildFile; fileRef = B10000000000000000000006 /* WorkspaceView.swift */; };
		A10000000000000000000007 /* AppWebView.swift in Sources */ = {isa = PBXBuildFile; fileRef = B10000000000000000000007 /* AppWebView.swift */; };
		A10000000000000000000008 /* NetworkMonitor.swift in Sources */ = {isa = PBXBuildFile; fileRef = B10000000000000000000008 /* NetworkMonitor.swift */; };
		A10000000000000000000009 /* Assets.xcassets in Resources */ = {isa = PBXBuildFile; fileRef = B10000000000000000000009 /* Assets.xcassets */; };
		A1000000000000000000000A /* PrivacyInfo.xcprivacy in Resources */ = {isa = PBXBuildFile; fileRef = B1000000000000000000000A /* PrivacyInfo.xcprivacy */; };
		A1000000000000000000000B /* AppCoreTests.swift in Sources */ = {isa = PBXBuildFile; fileRef = B1000000000000000000000D /* AppCoreTests.swift */; };
/* End PBXBuildFile section */

/* Begin PBXContainerItemProxy section */
		C10000000000000000000001 /* PBXContainerItemProxy */ = {
			isa = PBXContainerItemProxy;
			containerPortal = D10000000000000000000001 /* Project object */;
			proxyType = 1;
			remoteGlobalIDString = E10000000000000000000001;
			remoteInfo = TheOne;
		};
/* End PBXContainerItemProxy section */

/* Begin PBXFileReference section */
		B10000000000000000000001 /* TheOneApp.swift */ = {isa = PBXFileReference; lastKnownFileType = sourcecode.swift; path = TheOneApp.swift; sourceTree = "<group>"; };
		B10000000000000000000002 /* AppCore.swift */ = {isa = PBXFileReference; lastKnownFileType = sourcecode.swift; path = AppCore.swift; sourceTree = "<group>"; };
		B10000000000000000000003 /* AuthenticationCoordinator.swift */ = {isa = PBXFileReference; lastKnownFileType = sourcecode.swift; path = AuthenticationCoordinator.swift; sourceTree = "<group>"; };
		B10000000000000000000004 /* Brand.swift */ = {isa = PBXFileReference; lastKnownFileType = sourcecode.swift; path = Brand.swift; sourceTree = "<group>"; };
		B10000000000000000000005 /* LoginView.swift */ = {isa = PBXFileReference; lastKnownFileType = sourcecode.swift; path = LoginView.swift; sourceTree = "<group>"; };
		B10000000000000000000006 /* WorkspaceView.swift */ = {isa = PBXFileReference; lastKnownFileType = sourcecode.swift; path = WorkspaceView.swift; sourceTree = "<group>"; };
		B10000000000000000000007 /* AppWebView.swift */ = {isa = PBXFileReference; lastKnownFileType = sourcecode.swift; path = AppWebView.swift; sourceTree = "<group>"; };
		B10000000000000000000008 /* NetworkMonitor.swift */ = {isa = PBXFileReference; lastKnownFileType = sourcecode.swift; path = NetworkMonitor.swift; sourceTree = "<group>"; };
		B10000000000000000000009 /* Assets.xcassets */ = {isa = PBXFileReference; lastKnownFileType = folder.assetcatalog; path = Assets.xcassets; sourceTree = "<group>"; };
		B1000000000000000000000A /* PrivacyInfo.xcprivacy */ = {isa = PBXFileReference; lastKnownFileType = text.xml; path = PrivacyInfo.xcprivacy; sourceTree = "<group>"; };
		B1000000000000000000000B /* Info.plist */ = {isa = PBXFileReference; lastKnownFileType = text.plist.xml; path = Info.plist; sourceTree = "<group>"; };
		B1000000000000000000000C /* TheOne.entitlements */ = {isa = PBXFileReference; lastKnownFileType = text.plist.entitlements; path = TheOne.entitlements; sourceTree = "<group>"; };
		B1000000000000000000000D /* AppCoreTests.swift */ = {isa = PBXFileReference; lastKnownFileType = sourcecode.swift; path = AppCoreTests.swift; sourceTree = "<group>"; };
		B1000000000000000000000E /* TheOne.app */ = {isa = PBXFileReference; explicitFileType = wrapper.application; includeInIndex = 0; path = TheOne.app; sourceTree = BUILT_PRODUCTS_DIR; };
		B1000000000000000000000F /* TheOneTests.xctest */ = {isa = PBXFileReference; explicitFileType = wrapper.cfbundle; includeInIndex = 0; path = TheOneTests.xctest; sourceTree = BUILT_PRODUCTS_DIR; };
/* End PBXFileReference section */

/* Begin PBXFrameworksBuildPhase section */
		F10000000000000000000001 /* Frameworks */ = {isa = PBXFrameworksBuildPhase; buildActionMask = 2147483647; files = (); runOnlyForDeploymentPostprocessing = 0; };
		F10000000000000000000002 /* Frameworks */ = {isa = PBXFrameworksBuildPhase; buildActionMask = 2147483647; files = (); runOnlyForDeploymentPostprocessing = 0; };
/* End PBXFrameworksBuildPhase section */

/* Begin PBXGroup section */
		D10000000000000000000002 = {isa = PBXGroup; children = (D10000000000000000000003 /* TheOne */, D1000000000000000000000A /* TheOneTests */, D1000000000000000000000B /* Products */); sourceTree = "<group>"; };
		D10000000000000000000003 /* TheOne */ = {isa = PBXGroup; path = TheOne; sourceTree = "<group>"; children = (D10000000000000000000004 /* App */, D10000000000000000000005 /* Auth */, D10000000000000000000006 /* DesignSystem */, D10000000000000000000007 /* Features */, D10000000000000000000009 /* Infrastructure */, D1000000000000000000000C /* Resources */); };
		D10000000000000000000004 /* App */ = {isa = PBXGroup; path = App; sourceTree = "<group>"; children = (B10000000000000000000001, B10000000000000000000002); };
		D10000000000000000000005 /* Auth */ = {isa = PBXGroup; path = Auth; sourceTree = "<group>"; children = (B10000000000000000000003); };
		D10000000000000000000006 /* DesignSystem */ = {isa = PBXGroup; path = DesignSystem; sourceTree = "<group>"; children = (B10000000000000000000004); };
		D10000000000000000000007 /* Features */ = {isa = PBXGroup; path = Features; sourceTree = "<group>"; children = (D1000000000000000000000D /* Login */, D1000000000000000000000E /* Workspace */); };
		D1000000000000000000000D /* Login */ = {isa = PBXGroup; path = Login; sourceTree = "<group>"; children = (B10000000000000000000005); };
		D1000000000000000000000E /* Workspace */ = {isa = PBXGroup; path = Workspace; sourceTree = "<group>"; children = (B10000000000000000000006); };
		D10000000000000000000009 /* Infrastructure */ = {isa = PBXGroup; path = Infrastructure; sourceTree = "<group>"; children = (B10000000000000000000007, B10000000000000000000008); };
		D1000000000000000000000C /* Resources */ = {isa = PBXGroup; path = Resources; sourceTree = "<group>"; children = (B10000000000000000000009, B1000000000000000000000A, B1000000000000000000000B, B1000000000000000000000C); };
		D1000000000000000000000A /* TheOneTests */ = {isa = PBXGroup; path = TheOneTests; sourceTree = "<group>"; children = (B1000000000000000000000D); };
		D1000000000000000000000B /* Products */ = {isa = PBXGroup; name = Products; sourceTree = "<group>"; children = (B1000000000000000000000E, B1000000000000000000000F); };
/* End PBXGroup section */

/* Begin PBXNativeTarget section */
		E10000000000000000000001 /* TheOne */ = {
			isa = PBXNativeTarget;
			buildConfigurationList = C10000000000000000000011 /* Build configuration list for PBXNativeTarget "TheOne" */;
			buildPhases = (F10000000000000000000003 /* Sources */, F10000000000000000000001 /* Frameworks */, F10000000000000000000004 /* Resources */);
			buildRules = ();
			dependencies = ();
			name = TheOne;
			productName = TheOne;
			productReference = B1000000000000000000000E /* TheOne.app */;
			productType = "com.apple.product-type.application";
		};
		E10000000000000000000002 /* TheOneTests */ = {
			isa = PBXNativeTarget;
			buildConfigurationList = C10000000000000000000012 /* Build configuration list for PBXNativeTarget "TheOneTests" */;
			buildPhases = (F10000000000000000000005 /* Sources */, F10000000000000000000002 /* Frameworks */, F10000000000000000000006 /* Resources */);
			buildRules = ();
			dependencies = (C10000000000000000000002 /* PBXTargetDependency */);
			name = TheOneTests;
			productName = TheOneTests;
			productReference = B1000000000000000000000F /* TheOneTests.xctest */;
			productType = "com.apple.product-type.bundle.unit-test";
		};
/* End PBXNativeTarget section */

/* Begin PBXProject section */
		D10000000000000000000001 /* Project object */ = {
			isa = PBXProject;
			attributes = {BuildIndependentTargetsInParallel = 1; LastSwiftUpdateCheck = 2650; LastUpgradeCheck = 2650; TargetAttributes = {E10000000000000000000001 = {CreatedOnToolsVersion = 26.5; }; E10000000000000000000002 = {CreatedOnToolsVersion = 26.5; TestTargetID = E10000000000000000000001; };};};
			buildConfigurationList = C10000000000000000000010 /* Build configuration list for PBXProject "TheOne" */;
			compatibilityVersion = "Xcode 16.0";
			developmentRegion = zh_CN;
			hasScannedForEncodings = 0;
			knownRegions = (zh_CN, en, Base);
			mainGroup = D10000000000000000000002;
			productRefGroup = D1000000000000000000000B /* Products */;
			projectDirPath = "";
			projectRoot = "";
			targets = (E10000000000000000000001 /* TheOne */, E10000000000000000000002 /* TheOneTests */);
		};
/* End PBXProject section */

/* Begin PBXResourcesBuildPhase section */
		F10000000000000000000004 /* Resources */ = {isa = PBXResourcesBuildPhase; buildActionMask = 2147483647; files = (A10000000000000000000009, A1000000000000000000000A); runOnlyForDeploymentPostprocessing = 0; };
		F10000000000000000000006 /* Resources */ = {isa = PBXResourcesBuildPhase; buildActionMask = 2147483647; files = (); runOnlyForDeploymentPostprocessing = 0; };
/* End PBXResourcesBuildPhase section */

/* Begin PBXSourcesBuildPhase section */
		F10000000000000000000003 /* Sources */ = {isa = PBXSourcesBuildPhase; buildActionMask = 2147483647; files = (A10000000000000000000001, A10000000000000000000002, A10000000000000000000003, A10000000000000000000004, A10000000000000000000005, A10000000000000000000006, A10000000000000000000007, A10000000000000000000008); runOnlyForDeploymentPostprocessing = 0; };
		F10000000000000000000005 /* Sources */ = {isa = PBXSourcesBuildPhase; buildActionMask = 2147483647; files = (A1000000000000000000000B); runOnlyForDeploymentPostprocessing = 0; };
/* End PBXSourcesBuildPhase section */

/* Begin PBXTargetDependency section */
		C10000000000000000000002 /* PBXTargetDependency */ = {isa = PBXTargetDependency; target = E10000000000000000000001 /* TheOne */; targetProxy = C10000000000000000000001 /* PBXContainerItemProxy */; };
/* End PBXTargetDependency section */

/* Begin XCBuildConfiguration section */
		C10000000000000000000101 /* Debug */ = {isa = XCBuildConfiguration; buildSettings = {ALWAYS_SEARCH_USER_PATHS = NO; CLANG_ENABLE_MODULES = YES; CLANG_ENABLE_OBJC_ARC = YES; COPY_PHASE_STRIP = NO; DEBUG_INFORMATION_FORMAT = dwarf; ENABLE_TESTABILITY = YES; GCC_C_LANGUAGE_STANDARD = gnu17; GCC_OPTIMIZATION_LEVEL = 0; ONLY_ACTIVE_ARCH = YES; SDKROOT = iphoneos; SWIFT_ACTIVE_COMPILATION_CONDITIONS = "DEBUG $(inherited)"; SWIFT_OPTIMIZATION_LEVEL = "-Onone";}; name = Debug; };
		C10000000000000000000102 /* Release */ = {isa = XCBuildConfiguration; buildSettings = {ALWAYS_SEARCH_USER_PATHS = NO; CLANG_ENABLE_MODULES = YES; CLANG_ENABLE_OBJC_ARC = YES; COPY_PHASE_STRIP = YES; DEBUG_INFORMATION_FORMAT = "dwarf-with-dsym"; ENABLE_NS_ASSERTIONS = NO; GCC_C_LANGUAGE_STANDARD = gnu17; SDKROOT = iphoneos; SWIFT_COMPILATION_MODE = wholemodule; VALIDATE_PRODUCT = YES;}; name = Release; };
		C10000000000000000000103 /* Debug */ = {isa = XCBuildConfiguration; buildSettings = {ASSETCATALOG_COMPILER_APPICON_NAME = AppIcon; CODE_SIGN_ENTITLEMENTS = TheOne/Resources/TheOne.entitlements; CODE_SIGN_STYLE = Automatic; CURRENT_PROJECT_VERSION = 1; DEVELOPMENT_TEAM = ""; GENERATE_INFOPLIST_FILE = NO; INFOPLIST_FILE = TheOne/Resources/Info.plist; IPHONEOS_DEPLOYMENT_TARGET = 17.0; MARKETING_VERSION = 1.0.0; PRODUCT_BUNDLE_IDENTIFIER = ai.oneailabs.theone; PRODUCT_NAME = "$(TARGET_NAME)"; SUPPORTED_PLATFORMS = "iphoneos iphonesimulator"; SUPPORTS_MACCATALYST = NO; SWIFT_EMIT_LOC_STRINGS = YES; SWIFT_VERSION = 5.0; TARGETED_DEVICE_FAMILY = "1,2";}; name = Debug; };
		C10000000000000000000104 /* Release */ = {isa = XCBuildConfiguration; buildSettings = {ASSETCATALOG_COMPILER_APPICON_NAME = AppIcon; CODE_SIGN_ENTITLEMENTS = TheOne/Resources/TheOne.entitlements; CODE_SIGN_STYLE = Automatic; CURRENT_PROJECT_VERSION = 1; DEVELOPMENT_TEAM = ""; GENERATE_INFOPLIST_FILE = NO; INFOPLIST_FILE = TheOne/Resources/Info.plist; IPHONEOS_DEPLOYMENT_TARGET = 17.0; MARKETING_VERSION = 1.0.0; PRODUCT_BUNDLE_IDENTIFIER = ai.oneailabs.theone; PRODUCT_NAME = "$(TARGET_NAME)"; SUPPORTED_PLATFORMS = "iphoneos iphonesimulator"; SUPPORTS_MACCATALYST = NO; SWIFT_EMIT_LOC_STRINGS = YES; SWIFT_VERSION = 5.0; TARGETED_DEVICE_FAMILY = "1,2";}; name = Release; };
		C10000000000000000000105 /* Debug */ = {isa = XCBuildConfiguration; buildSettings = {BUNDLE_LOADER = "$(TEST_HOST)"; CODE_SIGN_STYLE = Automatic; GENERATE_INFOPLIST_FILE = YES; IPHONEOS_DEPLOYMENT_TARGET = 17.0; PRODUCT_BUNDLE_IDENTIFIER = ai.oneailabs.theone.tests; PRODUCT_NAME = "$(TARGET_NAME)"; SWIFT_VERSION = 5.0; TARGETED_DEVICE_FAMILY = "1,2"; TEST_HOST = "$(BUILT_PRODUCTS_DIR)/TheOne.app/$(BUNDLE_EXECUTABLE_FOLDER_PATH)/TheOne";}; name = Debug; };
		C10000000000000000000106 /* Release */ = {isa = XCBuildConfiguration; buildSettings = {BUNDLE_LOADER = "$(TEST_HOST)"; CODE_SIGN_STYLE = Automatic; GENERATE_INFOPLIST_FILE = YES; IPHONEOS_DEPLOYMENT_TARGET = 17.0; PRODUCT_BUNDLE_IDENTIFIER = ai.oneailabs.theone.tests; PRODUCT_NAME = "$(TARGET_NAME)"; SWIFT_VERSION = 5.0; TARGETED_DEVICE_FAMILY = "1,2"; TEST_HOST = "$(BUILT_PRODUCTS_DIR)/TheOne.app/$(BUNDLE_EXECUTABLE_FOLDER_PATH)/TheOne";}; name = Release; };
/* End XCBuildConfiguration section */

/* Begin XCConfigurationList section */
		C10000000000000000000010 /* Build configuration list for PBXProject "TheOne" */ = {isa = XCConfigurationList; buildConfigurations = (C10000000000000000000101 /* Debug */, C10000000000000000000102 /* Release */); defaultConfigurationIsVisible = 0; defaultConfigurationName = Release; };
		C10000000000000000000011 /* Build configuration list for PBXNativeTarget "TheOne" */ = {isa = XCConfigurationList; buildConfigurations = (C10000000000000000000103 /* Debug */, C10000000000000000000104 /* Release */); defaultConfigurationIsVisible = 0; defaultConfigurationName = Release; };
		C10000000000000000000012 /* Build configuration list for PBXNativeTarget "TheOneTests" */ = {isa = XCConfigurationList; buildConfigurations = (C10000000000000000000105 /* Debug */, C10000000000000000000106 /* Release */); defaultConfigurationIsVisible = 0; defaultConfigurationName = Release; };
/* End XCConfigurationList section */
	};
	rootObject = D10000000000000000000001 /* Project object */;
}
